{
  "nodes": {
    "flake-compat": {
      "flake": false,
      "locked": {
        "lastModified": 1767039857,
        "narHash": "sha256-vNpUSpF5Nuw8xvDLj2KCwwksIbjua2LZCqhV1LNRDns=",
        "owner": "NixOS",
        "repo": "flake-compat",
        "rev": "5edf11c44bc78a0d334f6334cdaf7d60d732daab",
        "type": "github"
      },
      "original": {
        "owner": "NixOS",
        "repo": "flake-compat",
        "type": "github"
      }
    },
    "flake-parts": {
      "inputs": {
        "nixpkgs-lib": "nixpkgs-lib"
      },
      "locked": {
        "lastModified": 1775087534,
        "narHash": "sha256-91qqW8lhL7TLwgQWijoGBbiD4t7/q75KTi8NxjVmSmA=",
        "owner": "hercules-ci",
        "repo": "flake-parts",
        "rev": "3107b77cd68437b9a76194f0f7f9c55f2329ca5b",
        "type": "github"
      },
      "original": {
        "owner": "hercules-ci",
        "repo": "flake-parts",
        "type": "github"
      }
    },
    "llama-cpp-src": {
      "flake": false,
      "locked": {
        "lastModified": 1780900403,
        "narHash": "sha256-Fnz3WHBisOYhqD2ozyMaVx5xMR67SWf0zeJ+G2114YE=",
        "owner": "ggml-org",
        "repo": "llama.cpp",
        "rev": "19bba67c1f4db723c60a0d421aa0788bf4ddc699",
        "type": "github"
      },
      "original": {
        "owner": "ggml-org",
        "repo": "llama.cpp",
        "rev": "19bba67c1f4db723c60a0d421aa0788bf4ddc699",
        "type": "github"
      }
    },
    "nix-darwin": {
      "inputs": {
        "nixpkgs": [
          "nixpkgs"
        ]
      },
      "locked": {
        "lastModified": 1781242433,
        "narHash": "sha256-bchLZZ3sRn740zyvD2icZSnNoTaanN0nw7l6fjVXO+E=",
        "owner": "nix-darwin",
        "repo": "nix-darwin",
        "rev": "aabb2037edfc0f210723b72cd5f528aab5dd3f0b",
        "type": "github"
      },
      "original": {
        "owner": "nix-darwin",
        "repo": "nix-darwin",
        "type": "github"
      }
    },
    "nixpkgs": {
      "locked": {
        "lastModified": 1783776592,
        "narHash": "sha256-UgCQzxeWI75XM8G+hPrPh+MKzEPjG3SpAj7dtqSbksA=",
        "owner": "NixOS",
        "repo": "nixpkgs",
        "rev": "e7a3ca8092b61ff85b6a45bf863ea2b2d6a661b3",
        "type": "github"
      },
      "original": {
        "owner": "NixOS",
        "ref": "nixos-unstable",
        "repo": "nixpkgs",
        "type": "github"
      }
    },
    "nixpkgs-lib": {
      "locked": {
        "lastModified": 1774748309,
        "narHash": "sha256-+U7gF3qxzwD5TZuANzZPeJTZRHS29OFQgkQ2kiTJBIQ=",
        "owner": "nix-community",
        "repo": "nixpkgs.lib",
        "rev": "333c4e0545a6da976206c74db8773a1645b5870a",
        "type": "github"
      },
      "original": {
        "owner": "nix-community",
        "repo": "nixpkgs.lib",
        "type": "github"
      }
    },
    "rocm-systems": {
      "flake": false,
      "locked": {
        "lastModified": 1780710747,
        "narHash": "sha256-oA8wd7RLO9mpa3LqNUaaEu9Cf5Xsa+9uHN0UKWmSku4=",
        "owner": "ROCm",
        "repo": "rocm-systems",
        "rev": "81fe4786f16e3b740d7f3acecc4d9640e8650358",
        "type": "github"
      },
      "original": {
        "owner": "ROCm",
        "repo": "rocm-systems",
        "type": "github"
      }
    },
    "root": {
      "inputs": {
        "flake-compat": "flake-compat",
        "flake-parts": "flake-parts",
        "llama-cpp-src": "llama-cpp-src",
        "nix-darwin": "nix-darwin",
        "nixpkgs": "nixpkgs",
        "rocm-systems": "rocm-systems"
      }
    }
  },
  "root": "root",
  "version": 7
}
